{
  "nodes": {
    "nixpkgs": {
      "locked": {
        "lastModified": 1756227515,
        "narHash": "sha256-+LmvnoJI6MrsvVmZ/e3rrBaMRD5EsHJFzSkOcZCQjg8=",
        "owner": "NixOS",
        "repo": "nixpkgs",
        "rev": "61308fbb163ae7045c9b3004a0d067822984df33",
        "type": "github"
      },
      "original": {
        "owner": "NixOS",
        "ref": "nixpkgs-unstable",
        "repo": "nixpkgs",
        "type": "github"
      }
    },
    "root": {
      "inputs": {
        "nixpkgs": "nixpkgs",
        "rust-overlay": "rust-overlay"
      }
    },
    "rust-overlay": {
      "inputs": {
        "nixpkgs": [
          "nixpkgs"
        ]
      },
      "locked": {
        "lastModified": 1756197489,
        "narHash": "sha256-S16rPaBH1TnMbDyL5NlGSJcYd7wPlOEWTStdBDL7BHw=",
        "owner": "oxalica",
        "repo": "rust-overlay",
        "rev": "8ec04f46f1edeeed3f870da62191745b93975da7",
        "type": "github"
      },
      "original": {
        "owner": "oxalica",
        "repo": "rust-overlay",
        "type": "github"
      }
    }
  },
  "root": "root",
  "version": 7
}
