{
  "nodes": {
    "nixpkgs": {
      "locked": {
        "lastModified": 1760256791,
        "narHash": "sha256-uTpzDHRASEDeFUuToWSQ46Re8beXyG9dx4W36FQa0/c=",
        "owner": "NixOS",
        "repo": "nixpkgs",
        "rev": "832e3b6db48508ae436c2c7bfc0cf914eac6938e",
        "type": "github"
      },
      "original": {
        "owner": "NixOS",
        "ref": "nixpkgs-unstable",
        "repo": "nixpkgs",
        "type": "github"
      }
    },
    "root": {
      "inputs": {
        "nixpkgs": "nixpkgs",
        "rust-overlay": "rust-overlay"
      }
    },
    "rust-overlay": {
      "inputs": {
        "nixpkgs": [
          "nixpkgs"
        ]
      },
      "locked": {
        "lastModified": 1760495781,
        "narHash": "sha256-3OGPAQNJswy6L4VJyX3U9/z7fwgPFvK6zQtB2NHBV0Y=",
        "owner": "oxalica",
        "repo": "rust-overlay",
        "rev": "11e0852a2aa3a65955db5824262d76933750e299",
        "type": "github"
      },
      "original": {
        "owner": "oxalica",
        "repo": "rust-overlay",
        "type": "github"
      }
    }
  },
  "root": "root",
  "version": 7
}
